version = 1
revision = 3
requires-python = ">=3.13"

[[package]]
name = "annotated-types"
version = "0.7.0"
source = { registry = "https://pypi.org/simple" }
sdist = { url = "https://files.pythonhosted.org/packages/ee/67/531ea369ba64dcff5ec9c3402f9f51bf748cec26dde048a2f973a4eea7f5/annotated_types-0.7.0.tar.gz", hash = "sha256:aff07c09a53a08bc8cfccb9c85b05f1aa9a2a6f23728d790723543408344ce89", size = 16081, upload-time = "2024-05-20T21:33:25.928Z" }
wheels = [
    { url = "https://files.pythonhosted.org/packages/78/b6/6307fbef88d9b5ee7421e68d78a9f162e0da4900bc5f5793f6d3d0e34fb8/annotated_types-0.7.0-py3-none-any.whl", hash = "sha256:1f02e8b43a8fbbc3f3e0d4f0f4bfc8131bcb4eebe8849b8e5c773f3a1c582a53", size = 13643, upload-time = "2024-05-20T21:33:24.1Z" },
]

[[package]]
name = "black"
version = "25.9.0"
source = { registry = "https://pypi.org/simple" }
dependencies = [
    { name = "click" },
    { name = "mypy-extensions" },
    { name = "packaging" },
    { name = "pathspec" },
    { name = "platformdirs" },
    { name = "pytokens" },
]
sdist = { url = "https://files.pythonhosted.org/packages/4b/43/20b5c90612d7bdb2bdbcceeb53d588acca3bb8f0e4c5d5c751a2c8fdd55a/black-25.9.0.tar.gz", hash = "sha256:0474bca9a0dd1b51791fcc507a4e02078a1c63f6d4e4ae5544b9848c7adfb619", size = 648393, upload-time = "2025-09-19T00:27:37.758Z" }
wheels = [
    { url = "https://files.pythonhosted.org/packages/48/99/3acfea65f5e79f45472c45f87ec13037b506522719cd9d4ac86484ff51ac/black-25.9.0-cp313-cp313-macosx_10_13_x86_64.whl", hash = "sha256:0172a012f725b792c358d57fe7b6b6e8e67375dd157f64fa7a3097b3ed3e2175", size = 1742165, upload-time = "2025-09-19T00:34:10.402Z" },
    { url = "https://files.pythonhosted.org/packages/3a/18/799285282c8236a79f25d590f0222dbd6850e14b060dfaa3e720241fd772/black-25.9.0-cp313-cp313-macosx_11_0_arm64.whl", hash = "sha256:3bec74ee60f8dfef564b573a96b8930f7b6a538e846123d5ad77ba14a8d7a64f", size = 1581259, upload-time = "2025-09-19T00:32:49.685Z" },
    { url = "https://files.pythonhosted.org/packages/f1/ce/883ec4b6303acdeca93ee06b7622f1fa383c6b3765294824165d49b1a86b/black-25.9.0-cp313-cp313-manylinux_2_17_x86_64.manylinux2014_x86_64.manylinux_2_28_x86_64.whl", hash = "sha256:b756fc75871cb1bcac5499552d771822fd9db5a2bb8db2a7247936ca48f39831", size = 1655583, upload-time = "2025-09-19T00:30:44.505Z" },
    { url = "https://files.pythonhosted.org/packages/21/17/5c253aa80a0639ccc427a5c7144534b661505ae2b5a10b77ebe13fa25334/black-25.9.0-cp313-cp313-win_amd64.whl", hash = "sha256:846d58e3ce7879ec1ffe816bb9df6d006cd9590515ed5d17db14e17666b2b357", size = 1343428, upload-time = "2025-09-19T00:32:13.839Z" },
    { url = "https://files.pythonhosted.org/packages/1b/46/863c90dcd3f9d41b109b7f19032ae0db021f0b2a81482ba0a1e28c84de86/black-25.9.0-py3-none-any.whl", hash = "sha256:474b34c1342cdc157d307b56c4c65bce916480c4a8f6551fdc6bf9b486a7c4ae", size = 203363, upload-time = "2025-09-19T00:27:35.724Z" },
]

[[package]]
name = "click"
version = "8.3.0"
source = { registry = "https://pypi.org/simple" }
dependencies = [
    { name = "colorama", marker = "sys_platform == 'win32'" },
]
sdist = { url = "https://files.pythonhosted.org/packages/46/61/de6cd827efad202d7057d93e0fed9294b96952e188f7384832791c7b2254/click-8.3.0.tar.gz", hash = "sha256:e7b8232224eba16f4ebe410c25ced9f7875cb5f3263ffc93cc3e8da705e229c4", size = 276943, upload-time = "2025-09-18T17:32:23.696Z" }
wheels = [
    { url = "https://files.pythonhosted.org/packages/db/d3/9dcc0f5797f070ec8edf30fbadfb200e71d9db6b84d211e3b2085a7589a0/click-8.3.0-py3-none-any.whl", hash = "sha256:9b9f285302c6e3064f4330c05f05b81945b2a39544279343e6e7c5f27a9baddc", size = 107295, upload-time = "2025-09-18T17:32:22.42Z" },
]

[[package]]
name = "colorama"
version = "0.4.6"
source = { registry = "https://pypi.org/simple" }
sdist = { url = "https://files.pythonhosted.org/packages/d8/53/6f443c9a4a8358a93a6792e2acffb9d9d5cb0a5cfd8802644b7b1c9a02e4/colorama-0.4.6.tar.gz", hash = "sha256:08695f5cb7ed6e0531a20572697297273c47b8cae5a63ffc6d6ed5c201be6e44", size = 27697, upload-time = "2022-10-25T02:36:22.414Z" }
wheels = [
    { url = "https://files.pythonhosted.org/packages/d1/d6/3965ed04c63042e047cb6a3e6ed1a63a35087b6a609aa3a15ed8ac56c221/colorama-0.4.6-py2.py3-none-any.whl", hash = "sha256:4f1d9991f5acc0ca119f9d443620b77f9d6b33703e51011c16baf57afb285fc6", size = 25335, upload-time = "2022-10-25T02:36:20.889Z" },
]

[[package]]
name = "connectorx"
version = "0.4.4"
source = { registry = "https://pypi.org/simple" }
wheels = [
    { url = "https://files.pythonhosted.org/packages/24/d5/406fe74dba7e608d2edde3a345c407b1362c59f7044f077b3195e37c2658/connectorx-0.4.4-cp313-cp313-macosx_10_7_x86_64.whl", hash = "sha256:3bf1498e662a5461ba27f8a90d04ff67fddc9bf9d8d9d9687db037a89202fcf7", size = 37965958, upload-time = "2025-08-19T05:37:27.414Z" },
    { url = "https://files.pythonhosted.org/packages/bf/c9/db8c9d153eb0a8472997f2e746cd9b1e0da39b6eaac734f40de098333e0a/connectorx-0.4.4-cp313-cp313-macosx_11_0_arm64.whl", hash = "sha256:cf4c94bc74db19262b6e8fa72f4df92c5ad7249212863400be66300564f89f09", size = 36168586, upload-time = "2025-08-19T05:37:44.241Z" },
    { url = "https://files.pythonhosted.org/packages/52/e4/0e066245624967ba403b83887d362e730a00981cdfe38a89b49fc305efd2/connectorx-0.4.4-cp313-cp313-manylinux_2_28_x86_64.whl", hash = "sha256:66a07c5215aed34a101137e7cc8c4509939974cad60faebb19972d73c1960d82", size = 43710796, upload-time = "2025-08-19T05:38:02.845Z" },
    { url = "https://files.pythonhosted.org/packages/c3/0f/36ae620a0ab457eb90d7a4ffd2cf5a7b42bc234f3bd47b167602603bed23/connectorx-0.4.4-cp313-cp313-manylinux_2_35_aarch64.whl", hash = "sha256:f1b4fe628623db5dd99713e9195c8cd9cc63a6d2aff206a47ff87d719806836e", size = 40922979, upload-time = "2025-08-19T05:37:10.312Z" },
    { url = "https://files.pythonhosted.org/packages/9e/19/f4751510ad196e2894205d68d029c1699e67b4026ed655aee5487528cb5a/connectorx-0.4.4-cp313-none-win_amd64.whl", hash = "sha256:ef6ce2e95d04163862c1a2e5a673ae6371d74a3ca66a4e3fec4a7c281944b102", size = 34557019, upload-time = "2025-08-19T05:38:18.784Z" },
]

[[package]]
name = "datapulse"
version = "0.1.0"
source = { virtual = "." }
dependencies = [
    { name = "connectorx" },
    { name = "duckdb" },
    { name = "loguru" },
    { name = "polars" },
    { name = "pydantic" },
    { name = "pytest" },
]

[package.dev-dependencies]
dev = [
    { name = "black" },
    { name = "ruff" },
]

[package.metadata]
requires-dist = [
    { name = "connectorx", specifier = ">=0.4.4" },
    { name = "duckdb", specifier = ">=1.4.1" },
    { name = "loguru", specifier = ">=0.7.3" },
    { name = "polars", specifier = ">=1.34.0" },
    { name = "pydantic", specifier = ">=2.12.0" },
    { name = "pytest", specifier = ">=8.4.2" },
]

[package.metadata.requires-dev]
dev = [
    { name = "black", specifier = ">=25.9.0" },
    { name = "ruff", specifier = ">=0.14.0" },
]

[[package]]
name = "duckdb"
version = "1.4.1"
source = { registry = "https://pypi.org/simple" }
sdist = { url = "https://files.pythonhosted.org/packages/ea/e7/21cf50a3d52ffceee1f0bcc3997fa96a5062e6bab705baee4f6c4e33cce5/duckdb-1.4.1.tar.gz", hash = "sha256:f903882f045d057ebccad12ac69975952832edfe133697694854bb784b8d6c76", size = 18461687, upload-time = "2025-10-07T10:37:28.605Z" }
wheels = [
    { url = "https://files.pythonhosted.org/packages/d7/08/705988c33e38665c969f7876b3ca4328be578554aa7e3dc0f34158da3e64/duckdb-1.4.1-cp313-cp313-macosx_10_13_universal2.whl", hash = "sha256:46496a2518752ae0c6c5d75d4cdecf56ea23dd098746391176dd8e42cf157791", size = 29077070, upload-time = "2025-10-07T10:36:59.83Z" },
    { url = "https://files.pythonhosted.org/packages/99/c5/7c9165f1e6b9069441bcda4da1e19382d4a2357783d37ff9ae238c5c41ac/duckdb-1.4.1-cp313-cp313-macosx_10_13_x86_64.whl", hash = "sha256:1c65ae7e9b541cea07d8075343bcfebdecc29a3c0481aa6078ee63d51951cfcd", size = 16167506, upload-time = "2025-10-07T10:37:02.24Z" },
    { url = "https://files.pythonhosted.org/packages/38/46/267f4a570a0ee3ae6871ddc03435f9942884284e22a7ba9b7cb252ee69b6/duckdb-1.4.1-cp313-cp313-macosx_11_0_arm64.whl", hash = "sha256:598d1a314e34b65d9399ddd066ccce1eeab6a60a2ef5885a84ce5ed62dbaf729", size = 13762330, upload-time = "2025-10-07T10:37:04.581Z" },
    { url = "https://files.pythonhosted.org/packages/15/7b/c4f272a40c36d82df20937d93a1780eb39ab0107fe42b62cba889151eab9/duckdb-1.4.1-cp313-cp313-manylinux_2_27_aarch64.manylinux_2_28_aarch64.whl", hash = "sha256:e2f16b8def782d484a9f035fc422bb6f06941ed0054b4511ddcdc514a7fb6a75", size = 18504687, upload-time = "2025-10-07T10:37:06.991Z" },
    { url = "https://files.pythonhosted.org/packages/17/fc/9b958751f0116d7b0406406b07fa6f5a10c22d699be27826d0b896f9bf51/duckdb-1.4.1-cp313-cp313-manylinux_2_27_x86_64.manylinux_2_28_x86_64.whl", hash = "sha256:a5a7d0aed068a5c33622a8848857947cab5cfb3f2a315b1251849bac2c74c492", size = 20513823, upload-time = "2025-10-07T10:37:09.349Z" },
    { url = "https://files.pythonhosted.org/packages/30/79/4f544d73fcc0513b71296cb3ebb28a227d22e80dec27204977039b9fa875/duckdb-1.4.1-cp313-cp313-win_amd64.whl", hash = "sha256:280fd663dacdd12bb3c3bf41f3e5b2e5b95e00b88120afabb8b8befa5f335c6f", size = 12336460, upload-time = "2025-10-07T10:37:12.154Z" },
]

[[package]]
name = "iniconfig"
version = "2.1.0"
source = { registry = "https://pypi.org/simple" }
sdist = { url = "https://files.pythonhosted.org/packages/f2/97/ebf4da567aa6827c909642694d71c9fcf53e5b504f2d96afea02718862f3/iniconfig-2.1.0.tar.gz", hash = "sha256:3abbd2e30b36733fee78f9c7f7308f2d0050e88f0087fd25c2645f63c773e1c7", size = 4793, upload-time = "2025-03-19T20:09:59.721Z" }
wheels = [
    { url = "https://files.pythonhosted.org/packages/2c/e1/e6716421ea10d38022b952c159d5161ca1193197fb744506875fbb87ea7b/iniconfig-2.1.0-py3-none-any.whl", hash = "sha256:9deba5723312380e77435581c6bf4935c94cbfab9b1ed33ef8d238ea168eb760", size = 6050, upload-time = "2025-03-19T20:10:01.071Z" },
]

[[package]]
name = "loguru"
version = "0.7.3"
source = { registry = "https://pypi.org/simple" }
dependencies = [
    { name = "colorama", marker = "sys_platform == 'win32'" },
    { name = "win32-setctime", marker = "sys_platform == 'win32'" },
]
sdist = { url = "https://files.pythonhosted.org/packages/3a/05/a1dae3dffd1116099471c643b8924f5aa6524411dc6c63fdae648c4f1aca/loguru-0.7.3.tar.gz", hash = "sha256:19480589e77d47b8d85b2c827ad95d49bf31b0dcde16593892eb51dd18706eb6", size = 63559, upload-time = "2024-12-06T11:20:56.608Z" }
wheels = [
    { url = "https://files.pythonhosted.org/packages/0c/29/0348de65b8cc732daa3e33e67806420b2ae89bdce2b04af740289c5c6c8c/loguru-0.7.3-py3-none-any.whl", hash = "sha256:31a33c10c8e1e10422bfd431aeb5d351c7cf7fa671e3c4df004162264b28220c", size = 61595, upload-time = "2024-12-06T11:20:54.538Z" },
]

[[package]]
name = "mypy-extensions"
version = "1.1.0"
source = { registry = "https://pypi.org/simple" }
sdist = { url = "https://files.pythonhosted.org/packages/a2/6e/371856a3fb9d31ca8dac321cda606860fa4548858c0cc45d9d1d4ca2628b/mypy_extensions-1.1.0.tar.gz", hash = "sha256:52e68efc3284861e772bbcd66823fde5ae21fd2fdb51c62a211403730b916558", size = 6343, upload-time = "2025-04-22T14:54:24.164Z" }
wheels = [
    { url = "https://files.pythonhosted.org/packages/79/7b/2c79738432f5c924bef5071f933bcc9efd0473bac3b4aa584a6f7c1c8df8/mypy_extensions-1.1.0-py3-none-any.whl", hash = "sha256:1be4cccdb0f2482337c4743e60421de3a356cd97508abadd57d47403e94f5505", size = 4963, upload-time = "2025-04-22T14:54:22.983Z" },
]

[[package]]
name = "packaging"
version = "25.0"
source = { registry = "https://pypi.org/simple" }
sdist = { url = "https://files.pythonhosted.org/packages/a1/d4/1fc4078c65507b51b96ca8f8c3ba19e6a61c8253c72794544580a7b6c24d/packaging-25.0.tar.gz", hash = "sha256:d443872c98d677bf60f6a1f2f8c1cb748e8fe762d2bf9d3148b5599295b0fc4f", size = 165727, upload-time = "2025-04-19T11:48:59.673Z" }
wheels = [
    { url = "https://files.pythonhosted.org/packages/20/12/38679034af332785aac8774540895e234f4d07f7545804097de4b666afd8/packaging-25.0-py3-none-any.whl", hash = "sha256:29572ef2b1f17581046b3a2227d5c611fb25ec70ca1ba8554b24b0e69331a484", size = 66469, upload-time = "2025-04-19T11:48:57.875Z" },
]

[[package]]
name = "pathspec"
version = "0.12.1"
source = { registry = "https://pypi.org/simple" }
sdist = { url = "https://files.pythonhosted.org/packages/ca/bc/f35b8446f4531a7cb215605d100cd88b7ac6f44ab3fc94870c120ab3adbf/pathspec-0.12.1.tar.gz", hash = "sha256:a482d51503a1ab33b1c67a6c3813a26953dbdc71c31dacaef9a838c4e29f5712", size = 51043, upload-time = "2023-12-10T22:30:45Z" }
wheels = [
    { url = "https://files.pythonhosted.org/packages/cc/20/ff623b09d963f88bfde16306a54e12ee5ea43e9b597108672ff3a408aad6/pathspec-0.12.1-py3-none-any.whl", hash = "sha256:a0d503e138a4c123b27490a4f7beda6a01c6f288df0e4a8b79c7eb0dc7b4cc08", size = 31191, upload-time = "2023-12-10T22:30:43.14Z" },
]

[[package]]
name = "platformdirs"
version = "4.5.0"
source = { registry = "https://pypi.org/simple" }
sdist = { url = "https://files.pythonhosted.org/packages/61/33/9611380c2bdb1225fdef633e2a9610622310fed35ab11dac9620972ee088/platformdirs-4.5.0.tar.gz", hash = "sha256:70ddccdd7c99fc5942e9fc25636a8b34d04c24b335100223152c2803e4063312", size = 21632, upload-time = "2025-10-08T17:44:48.791Z" }
wheels = [
    { url = "https://files.pythonhosted.org/packages/73/cb/ac7874b3e5d58441674fb70742e6c374b28b0c7cb988d37d991cde47166c/platformdirs-4.5.0-py3-none-any.whl", hash = "sha256:e578a81bb873cbb89a41fcc904c7ef523cc18284b7e3b3ccf06aca1403b7ebd3", size = 18651, upload-time = "2025-10-08T17:44:47.223Z" },
]

[[package]]
name = "pluggy"
version = "1.6.0"
source = { registry = "https://pypi.org/simple" }
sdist = { url = "https://files.pythonhosted.org/packages/f9/e2/3e91f31a7d2b083fe6ef3fa267035b518369d9511ffab804f839851d2779/pluggy-1.6.0.tar.gz", hash = "sha256:7dcc130b76258d33b90f61b658791dede3486c3e6bfb003ee5c9bfb396dd22f3", size = 69412, upload-time = "2025-05-15T12:30:07.975Z" }
wheels = [
    { url = "https://files.pythonhosted.org/packages/54/20/4d324d65cc6d9205fabedc306948156824eb9f0ee1633355a8f7ec5c66bf/pluggy-1.6.0-py3-none-any.whl", hash = "sha256:e920276dd6813095e9377c0bc5566d94c932c33b27a3e3945d8389c374dd4746", size = 20538, upload-time = "2025-05-15T12:30:06.134Z" },
]

[[package]]
name = "polars"
version = "1.34.0"
source = { registry = "https://pypi.org/simple" }
dependencies = [
    { name = "polars-runtime-32" },
]
sdist = { url = "https://files.pythonhosted.org/packages/a1/3e/35fcf5bf51404371bb172b289a5065778dc97adca4416e199c294125eb05/polars-1.34.0.tar.gz", hash = "sha256:5de5f871027db4b11bcf39215a2d6b13b4a80baf8a55c5862d4ebedfd5cd4013", size = 684309, upload-time = "2025-10-02T18:31:04.396Z" }
wheels = [
    { url = "https://files.pythonhosted.org/packages/6b/80/1791ac226bb989bef30fe8fde752b2021b6ec5dfd6e880262596aedf4c05/polars-1.34.0-py3-none-any.whl", hash = "sha256:40d2f357b4d9e447ad28bd2c9923e4318791a7c18eb68f31f1fbf11180f41391", size = 772686, upload-time = "2025-10-02T18:29:59.492Z" },
]

[[package]]
name = "polars-runtime-32"
version = "1.34.0"
source = { registry = "https://pypi.org/simple" }
sdist = { url = "https://files.pythonhosted.org/packages/02/10/1189afb14cc47ed215ccf7fbd00ed21c48edfd89e51c16f8628a33ae4b1b/polars_runtime_32-1.34.0.tar.gz", hash = "sha256:ebe6f865128a0d833f53a3f6828360761ad86d1698bceb22bef9fd999500dc1c", size = 2634491, upload-time = "2025-10-02T18:31:05.502Z" }
wheels = [
    { url = "https://files.pythonhosted.org/packages/97/35/bc4f1a9dcef61845e8e4e5d2318470b002b93a3564026f0643f562761ecb/polars_runtime_32-1.34.0-cp39-abi3-macosx_10_12_x86_64.whl", hash = "sha256:2878f9951e91121afe60c25433ef270b9a221e6ebf3de5f6642346b38cab3f03", size = 39655423, upload-time = "2025-10-02T18:30:02.846Z" },
    { url = "https://files.pythonhosted.org/packages/a6/bb/d655a103e75b7c81c47a3c2d276be0200c0c15cfb6fd47f17932ddcf7519/polars_runtime_32-1.34.0-cp39-abi3-macosx_11_0_arm64.whl", hash = "sha256:fbc329c7d34a924228cc5dcdbbd4696d94411a3a5b15ad8bb868634c204e1951", size = 35986049, upload-time = "2025-10-02T18:30:05.848Z" },
    { url = "https://files.pythonhosted.org/packages/9e/ce/11ca850b7862cb43605e5d86cdf655614376e0a059871cf8305af5406554/polars_runtime_32-1.34.0-cp39-abi3-manylinux_2_17_x86_64.manylinux2014_x86_64.whl", hash = "sha256:93fa51d88a2d12ea996a5747aad5647d22a86cce73c80f208e61f487b10bc448", size = 40261269, upload-time = "2025-10-02T18:30:08.48Z" },
    { url = "https://files.pythonhosted.org/packages/d8/25/77d12018c35489e19f7650b40679714a834effafc25d61e8dcee7c4fafce/polars_runtime_32-1.34.0-cp39-abi3-manylinux_2_24_aarch64.whl", hash = "sha256:79e4d696392c6d8d51f4347f0b167c52eef303c9d87093c0c68e8651198735b7", size = 37049077, upload-time = "2025-10-02T18:30:11.162Z" },
    { url = "https://files.pythonhosted.org/packages/e2/75/c30049d45ea1365151f86f650ed5354124ff3209f0abe588664c8eb13a31/polars_runtime_32-1.34.0-cp39-abi3-win_amd64.whl", hash = "sha256:2501d6b29d9001ea5ea2fd9b598787e10ddf45d8c4a87c2bead75159e8a15711", size = 40105782, upload-time = "2025-10-02T18:30:14.597Z" },
    { url = "https://files.pythonhosted.org/packages/a3/31/84efa27aa3478c8670bac1a720c8b1aee5c58c9c657c980e5e5c47fde883/polars_runtime_32-1.34.0-cp39-abi3-win_arm64.whl", hash = "sha256:f9ed1765378dfe0bcd1ac5ec570dd9eab27ea728bbc980cc9a76eebc55586559", size = 35873216, upload-time = "2025-10-02T18:30:17.439Z" },
]

[[package]]
name = "pydantic"
version = "2.12.0"
source = { registry = "https://pypi.org/simple" }
dependencies = [
    { name = "annotated-types" },
    { name = "pydantic-core" },
    { name = "typing-extensions" },
    { name = "typing-inspection" },
]
sdist = { url = "https://files.pythonhosted.org/packages/c3/da/b8a7ee04378a53f6fefefc0c5e05570a3ebfdfa0523a878bcd3b475683ee/pydantic-2.12.0.tar.gz", hash = "sha256:c1a077e6270dbfb37bfd8b498b3981e2bb18f68103720e51fa6c306a5a9af563", size = 814760, upload-time = "2025-10-07T15:58:03.467Z" }
wheels = [
    { url = "https://files.pythonhosted.org/packages/f4/9d/d5c855424e2e5b6b626fbc6ec514d8e655a600377ce283008b115abb7445/pydantic-2.12.0-py3-none-any.whl", hash = "sha256:f6a1da352d42790537e95e83a8bdfb91c7efbae63ffd0b86fa823899e807116f", size = 459730, upload-time = "2025-10-07T15:58:01.576Z" },
]

[[package]]
name = "pydantic-core"
version = "2.41.1"
source = { registry = "https://pypi.org/simple" }
dependencies = [
    { name = "typing-extensions" },
]
sdist = { url = "https://files.pythonhosted.org/packages/7d/14/12b4a0d2b0b10d8e1d9a24ad94e7bbb43335eaf29c0c4e57860e8a30734a/pydantic_core-2.41.1.tar.gz", hash = "sha256:1ad375859a6d8c356b7704ec0f547a58e82ee80bb41baa811ad710e124bc8f2f", size = 454870, upload-time = "2025-10-07T10:50:45.974Z" }
wheels = [
    { url = "https://files.pythonhosted.org/packages/27/8a/6d54198536a90a37807d31a156642aae7a8e1263ed9fe6fc6245defe9332/pydantic_core-2.41.1-cp313-cp313-macosx_10_12_x86_64.whl", hash = "sha256:70e790fce5f05204ef4403159857bfcd587779da78627b0babb3654f75361ebf", size = 2105825, upload-time = "2025-10-06T21:10:51.719Z" },
    { url = "https://files.pythonhosted.org/packages/4f/2e/4784fd7b22ac9c8439db25bf98ffed6853d01e7e560a346e8af821776ccc/pydantic_core-2.41.1-cp313-cp313-macosx_11_0_arm64.whl", hash = "sha256:9cebf1ca35f10930612d60bd0f78adfacee824c30a880e3534ba02c207cceceb", size = 1910126, upload-time = "2025-10-06T21:10:53.145Z" },
    { url = "https://files.pythonhosted.org/packages/f3/92/31eb0748059ba5bd0aa708fb4bab9fcb211461ddcf9e90702a6542f22d0d/pydantic_core-2.41.1-cp313-cp313-manylinux_2_17_aarch64.manylinux2014_aarch64.whl", hash = "sha256:170406a37a5bc82c22c3274616bf6f17cc7df9c4a0a0a50449e559cb755db669", size = 1961472, upload-time = "2025-10-06T21:10:55.754Z" },
    { url = "https://files.pythonhosted.org/packages/ab/91/946527792275b5c4c7dde4cfa3e81241bf6900e9fee74fb1ba43e0c0f1ab/pydantic_core-2.41.1-cp313-cp313-manylinux_2_17_armv7l.manylinux2014_armv7l.whl", hash = "sha256:12d4257fc9187a0ccd41b8b327d6a4e57281ab75e11dda66a9148ef2e1fb712f", size = 2063230, upload-time = "2025-10-06T21:10:57.179Z" },
    { url = "https://files.pythonhosted.org/packages/31/5d/a35c5d7b414e5c0749f1d9f0d159ee2ef4bab313f499692896b918014ee3/pydantic_core-2.41.1-cp313-cp313-manylinux_2_17_ppc64le.manylinux2014_ppc64le.whl", hash = "sha256:a75a33b4db105dd1c8d57839e17ee12db8d5ad18209e792fa325dbb4baeb00f4", size = 2229469, upload-time = "2025-10-06T21:10:59.409Z" },
    { url = "https://files.pythonhosted.org/packages/21/4d/8713737c689afa57ecfefe38db78259d4484c97aa494979e6a9d19662584/pydantic_core-2.41.1-cp313-cp313-manylinux_2_17_s390x.manylinux2014_s390x.whl", hash = "sha256:08a589f850803a74e0fcb16a72081cafb0d72a3cdda500106942b07e76b7bf62", size = 2347986, upload-time = "2025-10-06T21:11:00.847Z" },
    { url = "https://files.pythonhosted.org/packages/f6/ec/929f9a3a5ed5cda767081494bacd32f783e707a690ce6eeb5e0730ec4986/pydantic_core-2.41.1-cp313-cp313-manylinux_2_17_x86_64.manylinux2014_x86_64.whl", hash = "sha256:7a97939d6ea44763c456bd8a617ceada2c9b96bb5b8ab3dfa0d0827df7619014", size = 2072216, upload-time = "2025-10-06T21:11:02.43Z" },
    { url = "https://files.pythonhosted.org/packages/26/55/a33f459d4f9cc8786d9db42795dbecc84fa724b290d7d71ddc3d7155d46a/pydantic_core-2.41.1-cp313-cp313-manylinux_2_5_i686.manylinux1_i686.whl", hash = "sha256:d2ae423c65c556f09569524b80ffd11babff61f33055ef9773d7c9fabc11ed8d", size = 2193047, upload-time = "2025-10-06T21:11:03.787Z" },
    { url = "https://files.pythonhosted.org/packages/77/af/d5c6959f8b089f2185760a2779079e3c2c411bfc70ea6111f58367851629/pydantic_core-2.41.1-cp313-cp313-musllinux_1_1_aarch64.whl", hash = "sha256:4dc703015fbf8764d6a8001c327a87f1823b7328d40b47ce6000c65918ad2b4f", size = 2140613, upload-time = "2025-10-06T21:11:05.607Z" },
    { url = "https://files.pythonhosted.org/packages/58/e5/2c19bd2a14bffe7fabcf00efbfbd3ac430aaec5271b504a938ff019ac7be/pydantic_core-2.41.1-cp313-cp313-musllinux_1_1_armv7l.whl", hash = "sha256:968e4ffdfd35698a5fe659e5e44c508b53664870a8e61c8f9d24d3d145d30257", size = 2327641, upload-time = "2025-10-06T21:11:07.143Z" },
    { url = "https://files.pythonhosted.org/packages/93/ef/e0870ccda798c54e6b100aff3c4d49df5458fd64217e860cb9c3b0a403f4/pydantic_core-2.41.1-cp313-cp313-musllinux_1_1_x86_64.whl", hash = "sha256:fff2b76c8e172d34771cd4d4f0ade08072385310f214f823b5a6ad4006890d32", size = 2318229, upload-time = "2025-10-06T21:11:08.73Z" },
    { url = "https://files.pythonhosted.org/packages/b1/4b/c3b991d95f5deb24d0bd52e47bcf716098fa1afe0ce2d4bd3125b38566ba/pydantic_core-2.41.1-cp313-cp313-win32.whl", hash = "sha256:a38a5263185407ceb599f2f035faf4589d57e73c7146d64f10577f6449e8171d", size = 1997911, upload-time = "2025-10-06T21:11:10.329Z" },
    { url = "https://files.pythonhosted.org/packages/a7/ce/5c316fd62e01f8d6be1b7ee6b54273214e871772997dc2c95e204997a055/pydantic_core-2.41.1-cp313-cp313-win_amd64.whl", hash = "sha256:b42ae7fd6760782c975897e1fdc810f483b021b32245b0105d40f6e7a3803e4b", size = 2034301, upload-time = "2025-10-06T21:11:12.113Z" },
    { url = "https://files.pythonhosted.org/packages/29/41/902640cfd6a6523194123e2c3373c60f19006447f2fb06f76de4e8466c5b/pydantic_core-2.41.1-cp313-cp313-win_arm64.whl", hash = "sha256:ad4111acc63b7384e205c27a2f15e23ac0ee21a9d77ad6f2e9cb516ec90965fb", size = 1977238, upload-time = "2025-10-06T21:11:14.1Z" },
    { url = "https://files.pythonhosted.org/packages/04/04/28b040e88c1b89d851278478842f0bdf39c7a05da9e850333c6c8cbe7dfa/pydantic_core-2.41.1-cp313-cp313t-macosx_11_0_arm64.whl", hash = "sha256:440d0df7415b50084a4ba9d870480c16c5f67c0d1d4d5119e3f70925533a0edc", size = 1875626, upload-time = "2025-10-06T21:11:15.69Z" },
    { url = "https://files.pythonhosted.org/packages/d6/58/b41dd3087505220bb58bc81be8c3e8cbc037f5710cd3c838f44f90bdd704/pydantic_core-2.41.1-cp313-cp313t-manylinux_2_17_x86_64.manylinux2014_x86_64.whl", hash = "sha256:71eaa38d342099405dae6484216dcf1e8e4b0bebd9b44a4e08c9b43db6a2ab67", size = 2045708, upload-time = "2025-10-06T21:11:17.258Z" },
    { url = "https://files.pythonhosted.org/packages/d7/b8/760f23754e40bf6c65b94a69b22c394c24058a0ef7e2aa471d2e39219c1a/pydantic_core-2.41.1-cp313-cp313t-win_amd64.whl", hash = "sha256:555ecf7e50f1161d3f693bc49f23c82cf6cdeafc71fa37a06120772a09a38795", size = 1997171, upload-time = "2025-10-06T21:11:18.822Z" },
    { url = "https://files.pythonhosted.org/packages/41/12/cec246429ddfa2778d2d6301eca5362194dc8749ecb19e621f2f65b5090f/pydantic_core-2.41.1-cp314-cp314-macosx_10_12_x86_64.whl", hash = "sha256:05226894a26f6f27e1deb735d7308f74ef5fa3a6de3e0135bb66cdcaee88f64b", size = 2107836, upload-time = "2025-10-06T21:11:20.432Z" },
    { url = "https://files.pythonhosted.org/packages/20/39/baba47f8d8b87081302498e610aefc37142ce6a1cc98b2ab6b931a162562/pydantic_core-2.41.1-cp314-cp314-macosx_11_0_arm64.whl", hash = "sha256:85ff7911c6c3e2fd8d3779c50925f6406d770ea58ea6dde9c230d35b52b16b4a", size = 1904449, upload-time = "2025-10-06T21:11:22.185Z" },
    { url = "https://files.pythonhosted.org/packages/50/32/9a3d87cae2c75a5178334b10358d631bd094b916a00a5993382222dbfd92/pydantic_core-2.41.1-cp314-cp314-manylinux_2_17_aarch64.manylinux2014_aarch64.whl", hash = "sha256:47f1f642a205687d59b52dc1a9a607f45e588f5a2e9eeae05edd80c7a8c47674", size = 1961750, upload-time = "2025-10-06T21:11:24.348Z" },
    { url = "https://files.pythonhosted.org/packages/27/42/a96c9d793a04cf2a9773bff98003bb154087b94f5530a2ce6063ecfec583/pydantic_core-2.41.1-cp314-cp314-manylinux_2_17_armv7l.manylinux2014_armv7l.whl", hash = "sha256:df11c24e138876ace5ec6043e5cae925e34cf38af1a1b3d63589e8f7b5f5cdc4", size = 2063305, upload-time = "2025-10-06T21:11:26.556Z" },
    { url = "https://files.pythonhosted.org/packages/3e/8d/028c4b7d157a005b1f52c086e2d4b0067886b213c86220c1153398dbdf8f/pydantic_core-2.41.1-cp314-cp314-manylinux_2_17_ppc64le.manylinux2014_ppc64le.whl", hash = "sha256:7f0bf7f5c8f7bf345c527e8a0d72d6b26eda99c1227b0c34e7e59e181260de31", size = 2228959, upload-time = "2025-10-06T21:11:28.426Z" },
    { url = "https://files.pythonhosted.org/packages/08/f7/ee64cda8fcc9ca3f4716e6357144f9ee71166775df582a1b6b738bf6da57/pydantic_core-2.41.1-cp314-cp314-manylinux_2_17_s390x.manylinux2014_s390x.whl", hash = "sha256:82b887a711d341c2c47352375d73b029418f55b20bd7815446d175a70effa706", size = 2345421, upload-time = "2025-10-06T21:11:30.226Z" },
    { url = "https://files.pythonhosted.org/packages/13/c0/e8ec05f0f5ee7a3656973ad9cd3bc73204af99f6512c1a4562f6fb4b3f7d/pydantic_core-2.41.1-cp314-cp314-manylinux_2_17_x86_64.manylinux2014_x86_64.whl", hash = "sha256:b5f1d5d6bbba484bdf220c72d8ecd0be460f4bd4c5e534a541bb2cd57589fb8b", size = 2065288, upload-time = "2025-10-06T21:11:32.019Z" },
    { url = "https://files.pythonhosted.org/packages/0a/25/d77a73ff24e2e4fcea64472f5e39b0402d836da9b08b5361a734d0153023/pydantic_core-2.41.1-cp314-cp314-manylinux_2_5_i686.manylinux1_i686.whl", hash = "sha256:2bf1917385ebe0f968dc5c6ab1375886d56992b93ddfe6bf52bff575d03662be", size = 2189759, upload-time = "2025-10-06T21:11:33.753Z" },
    { url = "https://files.pythonhosted.org/packages/66/45/4a4ebaaae12a740552278d06fe71418c0f2869537a369a89c0e6723b341d/pydantic_core-2.41.1-cp314-cp314-musllinux_1_1_aarch64.whl", hash = "sha256:4f94f3ab188f44b9a73f7295663f3ecb8f2e2dd03a69c8f2ead50d37785ecb04", size = 2140747, upload-time = "2025-10-06T21:11:35.781Z" },
    { url = "https://files.pythonhosted.org/packages/da/6d/b727ce1022f143194a36593243ff244ed5a1eb3c9122296bf7e716aa37ba/pydantic_core-2.41.1-cp314-cp314-musllinux_1_1_armv7l.whl", hash = "sha256:3925446673641d37c30bd84a9d597e49f72eacee8b43322c8999fa17d5ae5bc4", size = 2327416, upload-time = "2025-10-06T21:11:37.75Z" },
    { url = "https://files.pythonhosted.org/packages/6f/8c/02df9d8506c427787059f87c6c7253435c6895e12472a652d9616ee0fc95/pydantic_core-2.41.1-cp314-cp314-musllinux_1_1_x86_64.whl", hash = "sha256:49bd51cc27adb980c7b97357ae036ce9b3c4d0bb406e84fbe16fb2d368b602a8", size = 2318138, upload-time = "2025-10-06T21:11:39.463Z" },
    { url = "https://files.pythonhosted.org/packages/98/67/0cf429a7d6802536941f430e6e3243f6d4b68f41eeea4b242372f1901794/pydantic_core-2.41.1-cp314-cp314-win32.whl", hash = "sha256:a31ca0cd0e4d12ea0df0077df2d487fc3eb9d7f96bbb13c3c5b88dcc21d05159", size = 1998429, upload-time = "2025-10-06T21:11:41.989Z" },
    { url = "https://files.pythonhosted.org/packages/38/60/742fef93de5d085022d2302a6317a2b34dbfe15258e9396a535c8a100ae7/pydantic_core-2.41.1-cp314-cp314-win_amd64.whl", hash = "sha256:1b5c4374a152e10a22175d7790e644fbd8ff58418890e07e2073ff9d4414efae", size = 2028870, upload-time = "2025-10-06T21:11:43.66Z" },
    { url = "https://files.pythonhosted.org/packages/31/38/cdd8ccb8555ef7720bd7715899bd6cfbe3c29198332710e1b61b8f5dd8b8/pydantic_core-2.41.1-cp314-cp314-win_arm64.whl", hash = "sha256:4fee76d757639b493eb600fba668f1e17475af34c17dd61db7a47e824d464ca9", size = 1974275, upload-time = "2025-10-06T21:11:45.476Z" },
    { url = "https://files.pythonhosted.org/packages/e7/7e/8ac10ccb047dc0221aa2530ec3c7c05ab4656d4d4bd984ee85da7f3d5525/pydantic_core-2.41.1-cp314-cp314t-macosx_11_0_arm64.whl", hash = "sha256:f9b9c968cfe5cd576fdd7361f47f27adeb120517e637d1b189eea1c3ece573f4", size = 1875124, upload-time = "2025-10-06T21:11:47.591Z" },
    { url = "https://files.pythonhosted.org/packages/c3/e4/7d9791efeb9c7d97e7268f8d20e0da24d03438a7fa7163ab58f1073ba968/pydantic_core-2.41.1-cp314-cp314t-manylinux_2_17_x86_64.manylinux2014_x86_64.whl", hash = "sha256:f1ebc7ab67b856384aba09ed74e3e977dded40e693de18a4f197c67d0d4e6d8e", size = 2043075, upload-time = "2025-10-06T21:11:49.542Z" },
    { url = "https://files.pythonhosted.org/packages/2d/c3/3f6e6b2342ac11ac8cd5cb56e24c7b14afa27c010e82a765ffa5f771884a/pydantic_core-2.41.1-cp314-cp314t-win_amd64.whl", hash = "sha256:8ae0dc57b62a762985bc7fbf636be3412394acc0ddb4ade07fe104230f1b9762", size = 1995341, upload-time = "2025-10-06T21:11:51.497Z" },
]

[[package]]
name = "pygments"
version = "2.19.2"
source = { registry = "https://pypi.org/simple" }
sdist = { url = "https://files.pythonhosted.org/packages/b0/77/a5b8c569bf593b0140bde72ea885a803b82086995367bf2037de0159d924/pygments-2.19.2.tar.gz", hash = "sha256:636cb2477cec7f8952536970bc533bc43743542f70392ae026374600add5b887", size = 4968631, upload-time = "2025-06-21T13:39:12.283Z" }
wheels = [
    { url = "https://files.pythonhosted.org/packages/c7/21/705964c7812476f378728bdf590ca4b771ec72385c533964653c68e86bdc/pygments-2.19.2-py3-none-any.whl", hash = "sha256:86540386c03d588bb81d44bc3928634ff26449851e99741617ecb9037ee5ec0b", size = 1225217, upload-time = "2025-06-21T13:39:07.939Z" },
]

[[package]]
name = "pytest"
version = "8.4.2"
source = { registry = "https://pypi.org/simple" }
dependencies = [
    { name = "colorama", marker = "sys_platform == 'win32'" },
    { name = "iniconfig" },
    { name = "packaging" },
    { name = "pluggy" },
    { name = "pygments" },
]
sdist = { url = "https://files.pythonhosted.org/packages/a3/5c/00a0e072241553e1a7496d638deababa67c5058571567b92a7eaa258397c/pytest-8.4.2.tar.gz", hash = "sha256:86c0d0b93306b961d58d62a4db4879f27fe25513d4b969df351abdddb3c30e01", size = 1519618, upload-time = "2025-09-04T14:34:22.711Z" }
wheels = [
    { url = "https://files.pythonhosted.org/packages/a8/a4/20da314d277121d6534b3a980b29035dcd51e6744bd79075a6ce8fa4eb8d/pytest-8.4.2-py3-none-any.whl", hash = "sha256:872f880de3fc3a5bdc88a11b39c9710c3497a547cfa9320bc3c5e62fbf272e79", size = 365750, upload-time = "2025-09-04T14:34:20.226Z" },
]

[[package]]
name = "pytokens"
version = "0.1.10"
source = { registry = "https://pypi.org/simple" }
sdist = { url = "https://files.pythonhosted.org/packages/30/5f/e959a442435e24f6fb5a01aec6c657079ceaca1b3baf18561c3728d681da/pytokens-0.1.10.tar.gz", hash = "sha256:c9a4bfa0be1d26aebce03e6884ba454e842f186a59ea43a6d3b25af58223c044", size = 12171, upload-time = "2025-02-19T14:51:22.001Z" }
wheels = [
    { url = "https://files.pythonhosted.org/packages/60/e5/63bed382f6a7a5ba70e7e132b8b7b8abbcf4888ffa6be4877698dcfbed7d/pytokens-0.1.10-py3-none-any.whl", hash = "sha256:db7b72284e480e69fb085d9f251f66b3d2df8b7166059261258ff35f50fb711b", size = 12046, upload-time = "2025-02-19T14:51:18.694Z" },
]

[[package]]
name = "ruff"
version = "0.14.0"
source = { registry = "https://pypi.org/simple" }
sdist = { url = "https://files.pythonhosted.org/packages/41/b9/9bd84453ed6dd04688de9b3f3a4146a1698e8faae2ceeccce4e14c67ae17/ruff-0.14.0.tar.gz", hash = "sha256:62ec8969b7510f77945df916de15da55311fade8d6050995ff7f680afe582c57", size = 5452071, upload-time = "2025-10-07T18:21:55.763Z" }
wheels = [
    { url = "https://files.pythonhosted.org/packages/3a/4e/79d463a5f80654e93fa653ebfb98e0becc3f0e7cf6219c9ddedf1e197072/ruff-0.14.0-py3-none-linux_armv6l.whl", hash = "sha256:58e15bffa7054299becf4bab8a1187062c6f8cafbe9f6e39e0d5aface455d6b3", size = 12494532, upload-time = "2025-10-07T18:21:00.373Z" },
    { url = "https://files.pythonhosted.org/packages/ee/40/e2392f445ed8e02aa6105d49db4bfff01957379064c30f4811c3bf38aece/ruff-0.14.0-py3-none-macosx_10_12_x86_64.whl", hash = "sha256:838d1b065f4df676b7c9957992f2304e41ead7a50a568185efd404297d5701e8", size = 13160768, upload-time = "2025-10-07T18:21:04.73Z" },
    { url = "https://files.pythonhosted.org/packages/75/da/2a656ea7c6b9bd14c7209918268dd40e1e6cea65f4bb9880eaaa43b055cd/ruff-0.14.0-py3-none-macosx_11_0_arm64.whl", hash = "sha256:703799d059ba50f745605b04638fa7e9682cc3da084b2092feee63500ff3d9b8", size = 12363376, upload-time = "2025-10-07T18:21:07.833Z" },
    { url = "https://files.pythonhosted.org/packages/42/e2/1ffef5a1875add82416ff388fcb7ea8b22a53be67a638487937aea81af27/ruff-0.14.0-py3-none-manylinux_2_17_aarch64.manylinux2014_aarch64.whl", hash = "sha256:3ba9a8925e90f861502f7d974cc60e18ca29c72bb0ee8bfeabb6ade35a3abde7", size = 12608055, upload-time = "2025-10-07T18:21:10.72Z" },
    { url = "https://files.pythonhosted.org/packages/4a/32/986725199d7cee510d9f1dfdf95bf1efc5fa9dd714d0d85c1fb1f6be3bc3/ruff-0.14.0-py3-none-manylinux_2_17_armv7l.manylinux2014_armv7l.whl", hash = "sha256:e41f785498bd200ffc276eb9e1570c019c1d907b07cfb081092c8ad51975bbe7", size = 12318544, upload-time = "2025-10-07T18:21:13.741Z" },
    { url = "https://files.pythonhosted.org/packages/9a/ed/4969cefd53315164c94eaf4da7cfba1f267dc275b0abdd593d11c90829a3/ruff-0.14.0-py3-none-manylinux_2_17_i686.manylinux2014_i686.whl", hash = "sha256:30a58c087aef4584c193aebf2700f0fbcfc1e77b89c7385e3139956fa90434e2", size = 14001280, upload-time = "2025-10-07T18:21:16.411Z" },
    { url = "https://files.pythonhosted.org/packages/ab/ad/96c1fc9f8854c37681c9613d825925c7f24ca1acfc62a4eb3896b50bacd2/ruff-0.14.0-py3-none-manylinux_2_17_ppc64.manylinux2014_ppc64.whl", hash = "sha256:f8d07350bc7af0a5ce8812b7d5c1a7293cf02476752f23fdfc500d24b79b783c", size = 15027286, upload-time = "2025-10-07T18:21:19.577Z" },
    { url = "https://files.pythonhosted.org/packages/b3/00/1426978f97df4fe331074baf69615f579dc4e7c37bb4c6f57c2aad80c87f/ruff-0.14.0-py3-none-manylinux_2_17_ppc64le.manylinux2014_ppc64le.whl", hash = "sha256:eec3bbbf3a7d5482b5c1f42d5fc972774d71d107d447919fca620b0be3e3b75e", size = 14451506, upload-time = "2025-10-07T18:21:22.779Z" },
    { url = "https://files.pythonhosted.org/packages/58/d5/9c1cea6e493c0cf0647674cca26b579ea9d2a213b74b5c195fbeb9678e15/ruff-0.14.0-py3-none-manylinux_2_17_s390x.manylinux2014_s390x.whl", hash = "sha256:16b68e183a0e28e5c176d51004aaa40559e8f90065a10a559176713fcf435206", size = 13437384, upload-time = "2025-10-07T18:21:25.758Z" },
    { url = "https://files.pythonhosted.org/packages/29/b4/4cd6a4331e999fc05d9d77729c95503f99eae3ba1160469f2b64866964e3/ruff-0.14.0-py3-none-manylinux_2_17_x86_64.manylinux2014_x86_64.whl", hash = "sha256:eb732d17db2e945cfcbbc52af0143eda1da36ca8ae25083dd4f66f1542fdf82e", size = 13447976, upload-time = "2025-10-07T18:21:28.83Z" },
    { url = "https://files.pythonhosted.org/packages/3b/c0/ac42f546d07e4f49f62332576cb845d45c67cf5610d1851254e341d563b6/ruff-0.14.0-py3-none-manylinux_2_31_riscv64.whl", hash = "sha256:c958f66ab884b7873e72df38dcabee03d556a8f2ee1b8538ee1c2bbd619883dd", size = 13682850, upload-time = "2025-10-07T18:21:31.842Z" },
    { url = "https://files.pythonhosted.org/packages/5f/c4/4b0c9bcadd45b4c29fe1af9c5d1dc0ca87b4021665dfbe1c4688d407aa20/ruff-0.14.0-py3-none-musllinux_1_2_aarch64.whl", hash = "sha256:7eb0499a2e01f6e0c285afc5bac43ab380cbfc17cd43a2e1dd10ec97d6f2c42d", size = 12449825, upload-time = "2025-10-07T18:21:35.074Z" },
    { url = "https://files.pythonhosted.org/packages/4b/a8/e2e76288e6c16540fa820d148d83e55f15e994d852485f221b9524514730/ruff-0.14.0-py3-none-musllinux_1_2_armv7l.whl", hash = "sha256:4c63b2d99fafa05efca0ab198fd48fa6030d57e4423df3f18e03aa62518c565f", size = 12272599, upload-time = "2025-10-07T18:21:38.08Z" },
    { url = "https://files.pythonhosted.org/packages/18/14/e2815d8eff847391af632b22422b8207704222ff575dec8d044f9ab779b2/ruff-0.14.0-py3-none-musllinux_1_2_i686.whl", hash = "sha256:668fce701b7a222f3f5327f86909db2bbe99c30877c8001ff934c5413812ac02", size = 13193828, upload-time = "2025-10-07T18:21:41.216Z" },
    { url = "https://files.pythonhosted.org/packages/44/c6/61ccc2987cf0aecc588ff8f3212dea64840770e60d78f5606cd7dc34de32/ruff-0.14.0-py3-none-musllinux_1_2_x86_64.whl", hash = "sha256:a86bf575e05cb68dcb34e4c7dfe1064d44d3f0c04bbc0491949092192b515296", size = 13628617, upload-time = "2025-10-07T18:21:44.04Z" },
    { url = "https://files.pythonhosted.org/packages/73/e6/03b882225a1b0627e75339b420883dc3c90707a8917d2284abef7a58d317/ruff-0.14.0-py3-none-win32.whl", hash = "sha256:7450a243d7125d1c032cb4b93d9625dea46c8c42b4f06c6b709baac168e10543", size = 12367872, upload-time = "2025-10-07T18:21:46.67Z" },
    { url = "https://files.pythonhosted.org/packages/41/77/56cf9cf01ea0bfcc662de72540812e5ba8e9563f33ef3d37ab2174892c47/ruff-0.14.0-py3-none-win_amd64.whl", hash = "sha256:ea95da28cd874c4d9c922b39381cbd69cb7e7b49c21b8152b014bd4f52acddc2", size = 13464628, upload-time = "2025-10-07T18:21:50.318Z" },
    { url = "https://files.pythonhosted.org/packages/c6/2a/65880dfd0e13f7f13a775998f34703674a4554906167dce02daf7865b954/ruff-0.14.0-py3-none-win_arm64.whl", hash = "sha256:f42c9495f5c13ff841b1da4cb3c2a42075409592825dada7c5885c2c844ac730", size = 12565142, upload-time = "2025-10-07T18:21:53.577Z" },
]

[[package]]
name = "typing-extensions"
version = "4.15.0"
source = { registry = "https://pypi.org/simple" }
sdist = { url = "https://files.pythonhosted.org/packages/72/94/1a15dd82efb362ac84269196e94cf00f187f7ed21c242792a923cdb1c61f/typing_extensions-4.15.0.tar.gz", hash = "sha256:0cea48d173cc12fa28ecabc3b837ea3cf6f38c6d1136f85cbaaf598984861466", size = 109391, upload-time = "2025-08-25T13:49:26.313Z" }
wheels = [
    { url = "https://files.pythonhosted.org/packages/18/67/36e9267722cc04a6b9f15c7f3441c2363321a3ea07da7ae0c0707beb2a9c/typing_extensions-4.15.0-py3-none-any.whl", hash = "sha256:f0fa19c6845758ab08074a0cfa8b7aecb71c999ca73d62883bc25cc018c4e548", size = 44614, upload-time = "2025-08-25T13:49:24.86Z" },
]

[[package]]
name = "typing-inspection"
version = "0.4.2"
source = { registry = "https://pypi.org/simple" }
dependencies = [
    { name = "typing-extensions" },
]
sdist = { url = "https://files.pythonhosted.org/packages/55/e3/70399cb7dd41c10ac53367ae42139cf4b1ca5f36bb3dc6c9d33acdb43655/typing_inspection-0.4.2.tar.gz", hash = "sha256:ba561c48a67c5958007083d386c3295464928b01faa735ab8547c5692e87f464", size = 75949, upload-time = "2025-10-01T02:14:41.687Z" }
wheels = [
    { url = "https://files.pythonhosted.org/packages/dc/9b/47798a6c91d8bdb567fe2698fe81e0c6b7cb7ef4d13da4114b41d239f65d/typing_inspection-0.4.2-py3-none-any.whl", hash = "sha256:4ed1cacbdc298c220f1bd249ed5287caa16f34d44ef4e9c3d0cbad5b521545e7", size = 14611, upload-time = "2025-10-01T02:14:40.154Z" },
]

[[package]]
name = "win32-setctime"
version = "1.2.0"
source = { registry = "https://pypi.org/simple" }
sdist = { url = "https://files.pythonhosted.org/packages/b3/8f/705086c9d734d3b663af0e9bb3d4de6578d08f46b1b101c2442fd9aecaa2/win32_setctime-1.2.0.tar.gz", hash = "sha256:ae1fdf948f5640aae05c511ade119313fb6a30d7eabe25fef9764dca5873c4c0", size = 4867, upload-time = "2024-12-07T15:28:28.314Z" }
wheels = [
    { url = "https://files.pythonhosted.org/packages/e1/07/c6fe3ad3e685340704d314d765b7912993bcb8dc198f0e7a89382d37974b/win32_setctime-1.2.0-py3-none-any.whl", hash = "sha256:95d644c4e708aba81dc3704a116d8cbc974d70b3bdb8be1d150e36be6e9d1390", size = 4083, upload-time = "2024-12-07T15:28:26.465Z" },
]
